
Microsoft Visual Studio Solution File, Format Version 12.00
# Visual Studio Version 16
VisualStudioVersion = 16.0.30503.244
MinimumVisualStudioVersion = 10.0.40219.1
Project("{888888A0-9F3D-457C-B088-3A5042F75D52}") = "01", "01\01.pyproj", "{F1062DDA-4A46-43B0-B4F0-2D06AC07EBC8}"
EndProject
Global
	GlobalSection(SolutionConfigurationPlatforms) = preSolution
		Debug|Any CPU = Debug|Any CPU
		Release|Any CPU = Release|Any CPU
	EndGlobalSection
	GlobalSection(ProjectConfigurationPlatforms) = postSolution
		{F1062DDA-4A46-43B0-B4F0-2D06AC07EBC8}.Debug|Any CPU.ActiveCfg = Debug|Any CPU
		{F1062DDA-4A46-43B0-B4F0-2D06AC07EBC8}.Release|Any CPU.ActiveCfg = Release|Any CPU
	EndGlobalSection
	GlobalSection(SolutionProperties) = preSolution
		HideSolutionNode = FALSE
	EndGlobalSection
	GlobalSection(ExtensibilityGlobals) = postSolution
		SolutionGuid = {B8C0E8EE-FC3D-46B4-8D65-C3900740F45A}
	EndGlobalSection
EndGlobal
